
Microsoft Visual Studio Solution File, Format Version 12.00
# Visual Studio 14
VisualStudioVersion = 14.0.25123.0
MinimumVisualStudioVersion = 10.0.40219.1
Project("{F184B08F-C81C-45F6-A57F-5ABD9991F28F}") = "AsciiTheFolder", "AsciiTheFolder\AsciiTheFolder.vbproj", "{048744A3-AD0B-4783-97AF-C8766223F56F}"
EndProject
Global
	GlobalSection(SolutionConfigurationPlatforms) = preSolution
		Debug|Any CPU = Debug|Any CPU
		Release|Any CPU = Release|Any CPU
	EndGlobalSection
	GlobalSection(ProjectConfigurationPlatforms) = postSolution
		{048744A3-AD0B-4783-97AF-C8766223F56F}.Debug|Any CPU.ActiveCfg = Debug|Any CPU
		{048744A3-AD0B-4783-97AF-C8766223F56F}.Debug|Any CPU.Build.0 = Debug|Any CPU
		{048744A3-AD0B-4783-97AF-C8766223F56F}.Release|Any CPU.ActiveCfg = Release|Any CPU
		{048744A3-AD0B-4783-97AF-C8766223F56F}.Release|Any CPU.Build.0 = Release|Any CPU
	EndGlobalSection
	GlobalSection(SolutionProperties) = preSolution
		HideSolutionNode = FALSE
	EndGlobalSection
EndGlobal
